
Microsoft Visual Studio Solution File, Format Version 12.00
# Visual Studio 14
VisualStudioVersion = 14.0.25123.0
MinimumVisualStudioVersion = 10.0.40219.1
Project("{FAE04EC0-301F-11D3-BF4B-00C04F79EFBC}") = "Travis.Games", "Travis.Games\Travis.Games.csproj", "{3E6A8B9B-F6C6-4AAA-A838-6A8BCAC3B063}"
EndProject
Project("{FAE04EC0-301F-11D3-BF4B-00C04F79EFBC}") = "Travis.TreeBuilder", "Travis.TreeBuilder\Travis.TreeBuilder.csproj", "{62E4ED1C-435D-4DD0-B690-6D2BC729B416}"
EndProject
Project("{FAE04EC0-301F-11D3-BF4B-00C04F79EFBC}") = "Travis.Logic", "Travis.Logic\Travis.Logic.csproj", "{070C9A99-8DEF-4750-B9AA-1C043F2B3988}"
EndProject
Project("{FAE04EC0-301F-11D3-BF4B-00C04F79EFBC}") = "Travis.Test", "Travis.Test\Travis.Test.csproj", "{AEA3FBAC-D305-42E4-8812-C6F45F327F6A}"
EndProject
Global
	GlobalSection(SolutionConfigurationPlatforms) = preSolution
		Debug|Any CPU = Debug|Any CPU
		Release|Any CPU = Release|Any CPU
	EndGlobalSection
	GlobalSection(ProjectConfigurationPlatforms) = postSolution
		{3E6A8B9B-F6C6-4AAA-A838-6A8BCAC3B063}.Debug|Any CPU.ActiveCfg = Debug|Any CPU
		{3E6A8B9B-F6C6-4AAA-A838-6A8BCAC3B063}.Debug|Any CPU.Build.0 = Debug|Any CPU
		{3E6A8B9B-F6C6-4AAA-A838-6A8BCAC3B063}.Release|Any CPU.ActiveCfg = Release|Any CPU
		{3E6A8B9B-F6C6-4AAA-A838-6A8BCAC3B063}.Release|Any CPU.Build.0 = Release|Any CPU
		{62E4ED1C-435D-4DD0-B690-6D2BC729B416}.Debug|Any CPU.ActiveCfg = Debug|Any CPU
		{62E4ED1C-435D-4DD0-B690-6D2BC729B416}.Debug|Any CPU.Build.0 = Debug|Any CPU
		{62E4ED1C-435D-4DD0-B690-6D2BC729B416}.Release|Any CPU.ActiveCfg = Release|Any CPU
		{62E4ED1C-435D-4DD0-B690-6D2BC729B416}.Release|Any CPU.Build.0 = Release|Any CPU
		{070C9A99-8DEF-4750-B9AA-1C043F2B3988}.Debug|Any CPU.ActiveCfg = Debug|Any CPU
		{070C9A99-8DEF-4750-B9AA-1C043F2B3988}.Debug|Any CPU.Build.0 = Debug|Any CPU
		{070C9A99-8DEF-4750-B9AA-1C043F2B3988}.Release|Any CPU.ActiveCfg = Release|Any CPU
		{070C9A99-8DEF-4750-B9AA-1C043F2B3988}.Release|Any CPU.Build.0 = Release|Any CPU
		{AEA3FBAC-D305-42E4-8812-C6F45F327F6A}.Debug|Any CPU.ActiveCfg = Debug|Any CPU
		{AEA3FBAC-D305-42E4-8812-C6F45F327F6A}.Debug|Any CPU.Build.0 = Debug|Any CPU
		{AEA3FBAC-D305-42E4-8812-C6F45F327F6A}.Release|Any CPU.ActiveCfg = Release|Any CPU
		{AEA3FBAC-D305-42E4-8812-C6F45F327F6A}.Release|Any CPU.Build.0 = Release|Any CPU
	EndGlobalSection
	GlobalSection(SolutionProperties) = preSolution
		HideSolutionNode = FALSE
	EndGlobalSection
EndGlobal
